
Microsoft Visual Studio Solution File, Format Version 12.00
# Visual Studio Version 16
VisualStudioVersion = 16.0.31515.178
MinimumVisualStudioVersion = 10.0.40219.1
Project("{FAE04EC0-301F-11D3-BF4B-00C04F79EFBC}") = "EulerProject", "EulerProject.csproj", "{8F2D9A82-FA80-47F8-8305-45AE0176B5A7}"
EndProject
Global
	GlobalSection(SolutionConfigurationPlatforms) = preSolution
		Debug|Any CPU = Debug|Any CPU
		Release|Any CPU = Release|Any CPU
	EndGlobalSection
	GlobalSection(ProjectConfigurationPlatforms) = postSolution
		{8F2D9A82-FA80-47F8-8305-45AE0176B5A7}.Debug|Any CPU.ActiveCfg = Debug|Any CPU
		{8F2D9A82-FA80-47F8-8305-45AE0176B5A7}.Debug|Any CPU.Build.0 = Debug|Any CPU
		{8F2D9A82-FA80-47F8-8305-45AE0176B5A7}.Release|Any CPU.ActiveCfg = Release|Any CPU
		{8F2D9A82-FA80-47F8-8305-45AE0176B5A7}.Release|Any CPU.Build.0 = Release|Any CPU
	EndGlobalSection
	GlobalSection(SolutionProperties) = preSolution
		HideSolutionNode = FALSE
	EndGlobalSection
	GlobalSection(ExtensibilityGlobals) = postSolution
		SolutionGuid = {941EF660-C2B1-4580-96EB-AAF4359F3E0A}
	EndGlobalSection
EndGlobal
